
Microsoft Visual Studio Solution File, Format Version 12.00
# Visual Studio Version 16
VisualStudioVersion = 16.0.29806.167
MinimumVisualStudioVersion = 10.0.40219.1
Project("{FAE04EC0-301F-11D3-BF4B-00C04F79EFBC}") = "APIEstudoAngular.API", "APIEstudoAngular\APIEstudoAngular.API.csproj", "{DEAC7C38-CB6B-42A9-B8DB-71EBAE2AC526}"
EndProject
Project("{FAE04EC0-301F-11D3-BF4B-00C04F79EFBC}") = "APIEstudoAngular.Business", "APIEstudoAngular.Business\APIEstudoAngular.Business.csproj", "{FC846CFF-8D99-4CBB-88CE-04081327BFD0}"
EndProject
Project("{FAE04EC0-301F-11D3-BF4B-00C04F79EFBC}") = "APIEstudoAngular.Data", "APIEstudoAngular.Data\APIEstudoAngular.Data.csproj", "{16E9AD69-501F-420B-A338-F4502E74CE11}"
EndProject
Global
	GlobalSection(SolutionConfigurationPlatforms) = preSolution
		Debug|Any CPU = Debug|Any CPU
		Release|Any CPU = Release|Any CPU
	EndGlobalSection
	GlobalSection(ProjectConfigurationPlatforms) = postSolution
		{DEAC7C38-CB6B-42A9-B8DB-71EBAE2AC526}.Debug|Any CPU.ActiveCfg = Debug|Any CPU
		{DEAC7C38-CB6B-42A9-B8DB-71EBAE2AC526}.Debug|Any CPU.Build.0 = Debug|Any CPU
		{DEAC7C38-CB6B-42A9-B8DB-71EBAE2AC526}.Release|Any CPU.ActiveCfg = Release|Any CPU
		{DEAC7C38-CB6B-42A9-B8DB-71EBAE2AC526}.Release|Any CPU.Build.0 = Release|Any CPU
		{FC846CFF-8D99-4CBB-88CE-04081327BFD0}.Debug|Any CPU.ActiveCfg = Debug|Any CPU
		{FC846CFF-8D99-4CBB-88CE-04081327BFD0}.Debug|Any CPU.Build.0 = Debug|Any CPU
		{FC846CFF-8D99-4CBB-88CE-04081327BFD0}.Release|Any CPU.ActiveCfg = Release|Any CPU
		{FC846CFF-8D99-4CBB-88CE-04081327BFD0}.Release|Any CPU.Build.0 = Release|Any CPU
		{16E9AD69-501F-420B-A338-F4502E74CE11}.Debug|Any CPU.ActiveCfg = Debug|Any CPU
		{16E9AD69-501F-420B-A338-F4502E74CE11}.Debug|Any CPU.Build.0 = Debug|Any CPU
		{16E9AD69-501F-420B-A338-F4502E74CE11}.Release|Any CPU.ActiveCfg = Release|Any CPU
		{16E9AD69-501F-420B-A338-F4502E74CE11}.Release|Any CPU.Build.0 = Release|Any CPU
	EndGlobalSection
	GlobalSection(SolutionProperties) = preSolution
		HideSolutionNode = FALSE
	EndGlobalSection
	GlobalSection(ExtensibilityGlobals) = postSolution
		SolutionGuid = {40B99BAE-5D68-4EA5-9045-4D201641C5C9}
	EndGlobalSection
EndGlobal
